
Microsoft Visual Studio Solution File, Format Version 12.00
# Visual Studio Version 16
VisualStudioVersion = 16.0.29318.209
MinimumVisualStudioVersion = 10.0.40219.1
Project("{FAE04EC0-301F-11D3-BF4B-00C04F79EFBC}") = "ezGEM", "ezGEM\ezGEM.csproj", "{6ABF6740-9793-4FAC-BF57-C4796CFE30D0}"
EndProject
Global
	GlobalSection(SolutionConfigurationPlatforms) = preSolution
		Debug|Any CPU = Debug|Any CPU
		Release|Any CPU = Release|Any CPU
	EndGlobalSection
	GlobalSection(ProjectConfigurationPlatforms) = postSolution
		{6ABF6740-9793-4FAC-BF57-C4796CFE30D0}.Debug|Any CPU.ActiveCfg = Debug|Any CPU
		{6ABF6740-9793-4FAC-BF57-C4796CFE30D0}.Debug|Any CPU.Build.0 = Debug|Any CPU
		{6ABF6740-9793-4FAC-BF57-C4796CFE30D0}.Release|Any CPU.ActiveCfg = Release|Any CPU
		{6ABF6740-9793-4FAC-BF57-C4796CFE30D0}.Release|Any CPU.Build.0 = Release|Any CPU
	EndGlobalSection
	GlobalSection(SolutionProperties) = preSolution
		HideSolutionNode = FALSE
	EndGlobalSection
	GlobalSection(ExtensibilityGlobals) = postSolution
		SolutionGuid = {F10F77DE-C470-42F3-812F-6D1F2548B0BB}
	EndGlobalSection
EndGlobal
